
Microsoft Visual Studio Solution File, Format Version 12.00
# Visual Studio Version 16
VisualStudioVersion = 16.0.31424.327
MinimumVisualStudioVersion = 10.0.40219.1
Project("{9A19103F-16F7-4668-BE54-9A1E7A4F7556}") = "ccmttguiuc", "CCMTTestGUI\ccmttguiuc.csproj", "{E888A580-42BA-47D6-953D-ECC34288ACB4}"
EndProject
Global
	GlobalSection(SolutionConfigurationPlatforms) = preSolution
		Debug|Any CPU = Debug|Any CPU
		Release|Any CPU = Release|Any CPU
	EndGlobalSection
	GlobalSection(ProjectConfigurationPlatforms) = postSolution
		{E888A580-42BA-47D6-953D-ECC34288ACB4}.Debug|Any CPU.ActiveCfg = Debug|Any CPU
		{E888A580-42BA-47D6-953D-ECC34288ACB4}.Debug|Any CPU.Build.0 = Debug|Any CPU
		{E888A580-42BA-47D6-953D-ECC34288ACB4}.Release|Any CPU.ActiveCfg = Release|Any CPU
		{E888A580-42BA-47D6-953D-ECC34288ACB4}.Release|Any CPU.Build.0 = Release|Any CPU
	EndGlobalSection
	GlobalSection(SolutionProperties) = preSolution
		HideSolutionNode = FALSE
	EndGlobalSection
	GlobalSection(ExtensibilityGlobals) = postSolution
		SolutionGuid = {0605BE10-C906-4F4D-B620-E39A790FCBC1}
	EndGlobalSection
EndGlobal
